
Microsoft Visual Studio Solution File, Format Version 12.00
# Visual Studio Version 17
VisualStudioVersion = 17.6.33801.468
MinimumVisualStudioVersion = 10.0.40219.1
Project("{FAE04EC0-301F-11D3-BF4B-00C04F79EFBC}") = "UserManagementPortal", "UserManagementPortal\UserManagementPortal.csproj", "{BCEF6E12-F945-49CF-A0BF-ABD66181EBCA}"
EndProject
Global
	GlobalSection(SolutionConfigurationPlatforms) = preSolution
		Debug|Any CPU = Debug|Any CPU
		Release|Any CPU = Release|Any CPU
	EndGlobalSection
	GlobalSection(ProjectConfigurationPlatforms) = postSolution
		{BCEF6E12-F945-49CF-A0BF-ABD66181EBCA}.Debug|Any CPU.ActiveCfg = Debug|Any CPU
		{BCEF6E12-F945-49CF-A0BF-ABD66181EBCA}.Debug|Any CPU.Build.0 = Debug|Any CPU
		{BCEF6E12-F945-49CF-A0BF-ABD66181EBCA}.Release|Any CPU.ActiveCfg = Release|Any CPU
		{BCEF6E12-F945-49CF-A0BF-ABD66181EBCA}.Release|Any CPU.Build.0 = Release|Any CPU
	EndGlobalSection
	GlobalSection(SolutionProperties) = preSolution
		HideSolutionNode = FALSE
	EndGlobalSection
	GlobalSection(ExtensibilityGlobals) = postSolution
		SolutionGuid = {09F82353-D0CD-4FE3-99B5-938DD070902F}
	EndGlobalSection
EndGlobal
